
Microsoft Visual Studio Solution File, Format Version 11.00
# Visual Studio 2010
Project("{FAE04EC0-301F-11D3-BF4B-00C04F79EFBC}") = "ShopExpander", "ShopExpander\ShopExpander.csproj", "{0EFCC3B4-0B19-44FB-AA7E-564749DFBD72}"
EndProject
Global
	GlobalSection(SolutionConfigurationPlatforms) = preSolution
		Debug|Any CPU = Debug|Any CPU
		Release|Any CPU = Release|Any CPU
	EndGlobalSection
	GlobalSection(ProjectConfigurationPlatforms) = postSolution
		{0EFCC3B4-0B19-44FB-AA7E-564749DFBD72}.Debug|Any CPU.ActiveCfg = Debug|Any CPU
		{0EFCC3B4-0B19-44FB-AA7E-564749DFBD72}.Debug|Any CPU.Build.0 = Debug|Any CPU
		{0EFCC3B4-0B19-44FB-AA7E-564749DFBD72}.Release|Any CPU.ActiveCfg = Release|Any CPU
		{0EFCC3B4-0B19-44FB-AA7E-564749DFBD72}.Release|Any CPU.Build.0 = Release|Any CPU
	EndGlobalSection
	GlobalSection(SolutionProperties) = preSolution
		HideSolutionNode = FALSE
	EndGlobalSection
EndGlobal
